{
  "requires": true,
  "lockfileVersion": 1,
  "dependencies": {
    "cleave.js": {
      "version": "1.4.7",
      "resolved": "https://registry.npmjs.org/cleave.js/-/cleave.js-1.4.7.tgz",
      "integrity": "sha512-+fewLSc8Q5Bi6vYEaTEz1Qsl+z7KT3EmN0iNexszN36CZCmcZs5EAYsJB9ZvQoDoEudGF9Vb7/VF/f7ns/tCgA=="
    }
  }
}
